
Microsoft Visual Studio Solution File, Format Version 12.00
# Visual Studio Version 17
VisualStudioVersion = 17.2.32526.322
MinimumVisualStudioVersion = 10.0.40219.1
Project("{FAE04EC0-301F-11D3-BF4B-00C04F79EFBC}") = "CDCT", "CDCT\CDCT.csproj", "{98ED856C-2496-430F-8E62-8BB4B3E66B08}"
EndProject
Global
	GlobalSection(SolutionConfigurationPlatforms) = preSolution
		Debug|Any CPU = Debug|Any CPU
		Release|Any CPU = Release|Any CPU
	EndGlobalSection
	GlobalSection(ProjectConfigurationPlatforms) = postSolution
		{98ED856C-2496-430F-8E62-8BB4B3E66B08}.Debug|Any CPU.ActiveCfg = Debug|Any CPU
		{98ED856C-2496-430F-8E62-8BB4B3E66B08}.Debug|Any CPU.Build.0 = Debug|Any CPU
		{98ED856C-2496-430F-8E62-8BB4B3E66B08}.Release|Any CPU.ActiveCfg = Release|Any CPU
		{98ED856C-2496-430F-8E62-8BB4B3E66B08}.Release|Any CPU.Build.0 = Release|Any CPU
	EndGlobalSection
	GlobalSection(SolutionProperties) = preSolution
		HideSolutionNode = FALSE
	EndGlobalSection
	GlobalSection(ExtensibilityGlobals) = postSolution
		SolutionGuid = {E074853F-E7E2-4B30-A248-457A5B1B1895}
	EndGlobalSection
EndGlobal
